schema: '2.0'
stages:
  download_data:
    cmd: python src/download_data.py data/src/
    deps:
    - path: src/download_data.py
      md5: 0f8813daa9983126286a8967a2ef5b24
      size: 377
    outs:
    - path: data/src
      md5: 4e9051d739d38878c149bd2e4926182c.dir
      size: 121986948
      nfiles: 10
  train:
    cmd: python src/train.py --input-dir data/src/ --output-dir data/model/
    deps:
    - path: data/src/
      md5: 4e9051d739d38878c149bd2e4926182c.dir
      size: 121986948
      nfiles: 10
    - path: src/models/
      md5: 472c6a84050e7197eafe8ce22134938f.dir
      size: 2254
      nfiles: 2
    - path: src/train.py
      md5: 9b1237facff665ca8b6e4721db7dc7b3
      size: 2146
    params:
      params.yaml:
        train:
          batch_size: 1024
          learning_rate: 0.001
          gpus: 1
          max_epochs: 20
          betas:
          - 0.9
          - 0.999
          seed: 42
          _t: 0
    outs:
    - path: data/model/best.pt
      md5: c389ef0be2d627d41540ee5cceac6afc
      size: 1727224
